
Microsoft Visual Studio Solution File, Format Version 12.00
# Visual Studio Version 17
VisualStudioVersion = 17.0.31903.59
MinimumVisualStudioVersion = 10.0.40219.1
Project("{9A19103F-16F7-4668-BE54-9A1E7A4F7556}") = "AntlrCSharp.Generated", "AntlrCSharp.Generated\AntlrCSharp.Generated.csproj", "{C5329713-0179-4057-B7F4-363931C5B787}"
EndProject
Project("{9A19103F-16F7-4668-BE54-9A1E7A4F7556}") = "AntlrCSharp.Tests", "AntlrCSharp.Tests\AntlrCSharp.Tests.csproj", "{B337D027-927C-4A5F-A0B4-571E0E199CB6}"
EndProject
Project("{9A19103F-16F7-4668-BE54-9A1E7A4F7556}") = "AntlrCSharp.Implementation", "AntlrCSharp.Implementation\AntlrCSharp.Implementation.csproj", "{8B42DB16-267F-4897-9DA3-4FA845F5A108}"
EndProject
Project("{F2A71F9B-5D33-465A-A702-920D77279786}") = "MarkupString", "MarkupString\MarkupString.fsproj", "{1EDA5B19-BAD2-4424-A2CA-1E151429DB70}"
EndProject
Global
	GlobalSection(SolutionConfigurationPlatforms) = preSolution
		Debug|Any CPU = Debug|Any CPU
		Release|Any CPU = Release|Any CPU
	EndGlobalSection
	GlobalSection(ProjectConfigurationPlatforms) = postSolution
		{C5329713-0179-4057-B7F4-363931C5B787}.Debug|Any CPU.ActiveCfg = Debug|Any CPU
		{C5329713-0179-4057-B7F4-363931C5B787}.Debug|Any CPU.Build.0 = Debug|Any CPU
		{C5329713-0179-4057-B7F4-363931C5B787}.Release|Any CPU.ActiveCfg = Release|Any CPU
		{C5329713-0179-4057-B7F4-363931C5B787}.Release|Any CPU.Build.0 = Release|Any CPU
		{B337D027-927C-4A5F-A0B4-571E0E199CB6}.Debug|Any CPU.ActiveCfg = Debug|Any CPU
		{B337D027-927C-4A5F-A0B4-571E0E199CB6}.Debug|Any CPU.Build.0 = Debug|Any CPU
		{B337D027-927C-4A5F-A0B4-571E0E199CB6}.Release|Any CPU.ActiveCfg = Release|Any CPU
		{B337D027-927C-4A5F-A0B4-571E0E199CB6}.Release|Any CPU.Build.0 = Release|Any CPU
		{8B42DB16-267F-4897-9DA3-4FA845F5A108}.Debug|Any CPU.ActiveCfg = Debug|Any CPU
		{8B42DB16-267F-4897-9DA3-4FA845F5A108}.Debug|Any CPU.Build.0 = Debug|Any CPU
		{8B42DB16-267F-4897-9DA3-4FA845F5A108}.Release|Any CPU.ActiveCfg = Release|Any CPU
		{8B42DB16-267F-4897-9DA3-4FA845F5A108}.Release|Any CPU.Build.0 = Release|Any CPU
		{1EDA5B19-BAD2-4424-A2CA-1E151429DB70}.Debug|Any CPU.ActiveCfg = Debug|Any CPU
		{1EDA5B19-BAD2-4424-A2CA-1E151429DB70}.Debug|Any CPU.Build.0 = Debug|Any CPU
		{1EDA5B19-BAD2-4424-A2CA-1E151429DB70}.Release|Any CPU.ActiveCfg = Release|Any CPU
		{1EDA5B19-BAD2-4424-A2CA-1E151429DB70}.Release|Any CPU.Build.0 = Release|Any CPU
	EndGlobalSection
	GlobalSection(SolutionProperties) = preSolution
		HideSolutionNode = FALSE
	EndGlobalSection
	GlobalSection(ExtensibilityGlobals) = postSolution
		SolutionGuid = {B7CFA46C-0EA8-4D8A-BE5F-65BFBE0B3DD4}
	EndGlobalSection
EndGlobal
