
Microsoft Visual Studio Solution File, Format Version 12.00
# Visual Studio Version 17
VisualStudioVersion = 17.0.31903.59
MinimumVisualStudioVersion = 10.0.40219.1
Project("{9A19103F-16F7-4668-BE54-9A1E7A4F7556}") = "SharpMUSH.Generated", "SharpMUSH.Generated\SharpMUSH.Generated.csproj", "{C5329713-0179-4057-B7F4-363931C5B787}"
EndProject
Project("{9A19103F-16F7-4668-BE54-9A1E7A4F7556}") = "SharpMUSH.Tests", "SharpMUSH.Tests\SharpMUSH.Tests.csproj", "{B337D027-927C-4A5F-A0B4-571E0E199CB6}"
EndProject
Project("{9A19103F-16F7-4668-BE54-9A1E7A4F7556}") = "SharpMUSH.Implementation", "SharpMUSH.Implementation\SharpMUSH.Implementation.csproj", "{8B42DB16-267F-4897-9DA3-4FA845F5A108}"
EndProject
Project("{6EC3EE1D-3C4E-46DD-8F32-0CC8E7565705}") = "SharpMUSH.MarkupString", "SharpMUSH.MarkupString\SharpMUSH.MarkupString.fsproj", "{1EDA5B19-BAD2-4424-A2CA-1E151429DB70}"
EndProject
Project("{2150E333-8FDC-42A3-9474-1A3956D46DE8}") = "Solution Items", "Solution Items", "{07FDDC5D-EE27-4D5C-B03F-AA79FB1A5C4D}"
	ProjectSection(SolutionItems) = preProject
		.editorconfig = .editorconfig
		Solution Files\LogBlackBgo.svg = Solution Files\LogBlackBgo.svg
		Solution Files\Logo.svg = Solution Files\Logo.svg
		README.md = README.md
	EndProjectSection
EndProject
Project("{9A19103F-16F7-4668-BE54-9A1E7A4F7556}") = "SharpMUSH.Database", "SharpMUSH.Database\SharpMUSH.Database.csproj", "{3F927DFC-7595-4A00-8810-26F0E6D07ACE}"
EndProject
Project("{9A19103F-16F7-4668-BE54-9A1E7A4F7556}") = "SharpMUSH.Server", "SharpMUSH.Server\SharpMUSH.Server.csproj", "{08B11CA1-8A66-48D1-A2A1-95F47A32E649}"
EndProject
Project("{9A19103F-16F7-4668-BE54-9A1E7A4F7556}") = "SharpMUSH.Library", "SharpMUSH.Library\SharpMUSH.Library.csproj", "{4A012D6A-5FCD-4216-976F-CE173D59269B}"
EndProject
Project("{FAE04EC0-301F-11D3-BF4B-00C04F79EFBC}") = "SharpMUSH.Database.ArangoDB", "SharpMUSH.Database.ArangoDB\SharpMUSH.Database.ArangoDB.csproj", "{9D96CA65-4E8C-4F90-BD7B-B9AA420A3238}"
EndProject
Project("{FAE04EC0-301F-11D3-BF4B-00C04F79EFBC}") = "SharpMUSH.Database.SurrealDB", "SharpMUSH.Database.SurrealDB\SharpMUSH.Database.SurrealDB.csproj", "{F6BE4408-98A2-4D5B-9EBC-4615D7230E79}"
EndProject
Project("{FAE04EC0-301F-11D3-BF4B-00C04F79EFBC}") = "SharpMUSH.Documentation", "SharpMUSH.Documentation\SharpMUSH.Documentation.csproj", "{86850F51-1866-497F-98EF-07EC00918294}"
EndProject
Project("{FAE04EC0-301F-11D3-BF4B-00C04F79EFBC}") = "SharpMUSH.Configuration", "SharpMUSH.Configuration\SharpMUSH.Configuration.csproj", "{8A7E9158-3A8F-4EF1-9B12-939DE17D69CE}"
EndProject
Project("{FAE04EC0-301F-11D3-BF4B-00C04F79EFBC}") = "SharpMUSH.Benchmarks", "SharpMUSH.Benchmarks\SharpMUSH.Benchmarks.csproj", "{F198A72F-B6B9-4709-8DF8-F949AD2EF459}"
EndProject
Project("{FAE04EC0-301F-11D3-BF4B-00C04F79EFBC}") = "SharpMUSH.Client", "SharpMUSH.Client\SharpMUSH.Client.csproj", "{2389F0A8-3733-4D75-924D-BB2D77C4374F}"
EndProject
Global
	GlobalSection(SolutionConfigurationPlatforms) = preSolution
		Debug|Any CPU = Debug|Any CPU
		Release|Any CPU = Release|Any CPU
	EndGlobalSection
	GlobalSection(ProjectConfigurationPlatforms) = postSolution
		{C5329713-0179-4057-B7F4-363931C5B787}.Debug|Any CPU.ActiveCfg = Debug|Any CPU
		{C5329713-0179-4057-B7F4-363931C5B787}.Debug|Any CPU.Build.0 = Debug|Any CPU
		{C5329713-0179-4057-B7F4-363931C5B787}.Release|Any CPU.ActiveCfg = Release|Any CPU
		{C5329713-0179-4057-B7F4-363931C5B787}.Release|Any CPU.Build.0 = Release|Any CPU
		{B337D027-927C-4A5F-A0B4-571E0E199CB6}.Debug|Any CPU.ActiveCfg = Debug|Any CPU
		{B337D027-927C-4A5F-A0B4-571E0E199CB6}.Debug|Any CPU.Build.0 = Debug|Any CPU
		{B337D027-927C-4A5F-A0B4-571E0E199CB6}.Release|Any CPU.ActiveCfg = Release|Any CPU
		{B337D027-927C-4A5F-A0B4-571E0E199CB6}.Release|Any CPU.Build.0 = Release|Any CPU
		{8B42DB16-267F-4897-9DA3-4FA845F5A108}.Debug|Any CPU.ActiveCfg = Debug|Any CPU
		{8B42DB16-267F-4897-9DA3-4FA845F5A108}.Debug|Any CPU.Build.0 = Debug|Any CPU
		{8B42DB16-267F-4897-9DA3-4FA845F5A108}.Release|Any CPU.ActiveCfg = Release|Any CPU
		{8B42DB16-267F-4897-9DA3-4FA845F5A108}.Release|Any CPU.Build.0 = Release|Any CPU
		{1EDA5B19-BAD2-4424-A2CA-1E151429DB70}.Debug|Any CPU.ActiveCfg = Debug|Any CPU
		{1EDA5B19-BAD2-4424-A2CA-1E151429DB70}.Debug|Any CPU.Build.0 = Debug|Any CPU
		{1EDA5B19-BAD2-4424-A2CA-1E151429DB70}.Release|Any CPU.ActiveCfg = Release|Any CPU
		{1EDA5B19-BAD2-4424-A2CA-1E151429DB70}.Release|Any CPU.Build.0 = Release|Any CPU
		{3F927DFC-7595-4A00-8810-26F0E6D07ACE}.Debug|Any CPU.ActiveCfg = Debug|Any CPU
		{3F927DFC-7595-4A00-8810-26F0E6D07ACE}.Debug|Any CPU.Build.0 = Debug|Any CPU
		{3F927DFC-7595-4A00-8810-26F0E6D07ACE}.Release|Any CPU.ActiveCfg = Release|Any CPU
		{3F927DFC-7595-4A00-8810-26F0E6D07ACE}.Release|Any CPU.Build.0 = Release|Any CPU
		{08B11CA1-8A66-48D1-A2A1-95F47A32E649}.Debug|Any CPU.ActiveCfg = Debug|Any CPU
		{08B11CA1-8A66-48D1-A2A1-95F47A32E649}.Debug|Any CPU.Build.0 = Debug|Any CPU
		{08B11CA1-8A66-48D1-A2A1-95F47A32E649}.Release|Any CPU.ActiveCfg = Release|Any CPU
		{08B11CA1-8A66-48D1-A2A1-95F47A32E649}.Release|Any CPU.Build.0 = Release|Any CPU
		{4A012D6A-5FCD-4216-976F-CE173D59269B}.Debug|Any CPU.ActiveCfg = Debug|Any CPU
		{4A012D6A-5FCD-4216-976F-CE173D59269B}.Debug|Any CPU.Build.0 = Debug|Any CPU
		{4A012D6A-5FCD-4216-976F-CE173D59269B}.Release|Any CPU.ActiveCfg = Release|Any CPU
		{4A012D6A-5FCD-4216-976F-CE173D59269B}.Release|Any CPU.Build.0 = Release|Any CPU
		{9D96CA65-4E8C-4F90-BD7B-B9AA420A3238}.Debug|Any CPU.ActiveCfg = Debug|Any CPU
		{9D96CA65-4E8C-4F90-BD7B-B9AA420A3238}.Debug|Any CPU.Build.0 = Debug|Any CPU
		{9D96CA65-4E8C-4F90-BD7B-B9AA420A3238}.Release|Any CPU.ActiveCfg = Release|Any CPU
		{9D96CA65-4E8C-4F90-BD7B-B9AA420A3238}.Release|Any CPU.Build.0 = Release|Any CPU
		{F6BE4408-98A2-4D5B-9EBC-4615D7230E79}.Debug|Any CPU.ActiveCfg = Debug|Any CPU
		{F6BE4408-98A2-4D5B-9EBC-4615D7230E79}.Debug|Any CPU.Build.0 = Debug|Any CPU
		{F6BE4408-98A2-4D5B-9EBC-4615D7230E79}.Release|Any CPU.ActiveCfg = Release|Any CPU
		{F6BE4408-98A2-4D5B-9EBC-4615D7230E79}.Release|Any CPU.Build.0 = Release|Any CPU
		{86850F51-1866-497F-98EF-07EC00918294}.Debug|Any CPU.ActiveCfg = Debug|Any CPU
		{86850F51-1866-497F-98EF-07EC00918294}.Debug|Any CPU.Build.0 = Debug|Any CPU
		{86850F51-1866-497F-98EF-07EC00918294}.Release|Any CPU.ActiveCfg = Release|Any CPU
		{86850F51-1866-497F-98EF-07EC00918294}.Release|Any CPU.Build.0 = Release|Any CPU
		{8A7E9158-3A8F-4EF1-9B12-939DE17D69CE}.Debug|Any CPU.ActiveCfg = Debug|Any CPU
		{8A7E9158-3A8F-4EF1-9B12-939DE17D69CE}.Debug|Any CPU.Build.0 = Debug|Any CPU
		{8A7E9158-3A8F-4EF1-9B12-939DE17D69CE}.Release|Any CPU.ActiveCfg = Release|Any CPU
		{8A7E9158-3A8F-4EF1-9B12-939DE17D69CE}.Release|Any CPU.Build.0 = Release|Any CPU
		{F198A72F-B6B9-4709-8DF8-F949AD2EF459}.Release|Any CPU.ActiveCfg = Release|Any CPU
		{F198A72F-B6B9-4709-8DF8-F949AD2EF459}.Release|Any CPU.Build.0 = Release|Any CPU
		{F198A72F-B6B9-4709-8DF8-F949AD2EF459}.Debug|Any CPU.ActiveCfg = Debug|Any CPU
		{F198A72F-B6B9-4709-8DF8-F949AD2EF459}.Debug|Any CPU.Build.0 = Debug|Any CPU
		{2389F0A8-3733-4D75-924D-BB2D77C4374F}.Debug|Any CPU.ActiveCfg = Debug|Any CPU
		{2389F0A8-3733-4D75-924D-BB2D77C4374F}.Debug|Any CPU.Build.0 = Debug|Any CPU
		{2389F0A8-3733-4D75-924D-BB2D77C4374F}.Release|Any CPU.ActiveCfg = Release|Any CPU
		{2389F0A8-3733-4D75-924D-BB2D77C4374F}.Release|Any CPU.Build.0 = Release|Any CPU
	EndGlobalSection
	GlobalSection(SolutionProperties) = preSolution
		HideSolutionNode = FALSE
	EndGlobalSection
	GlobalSection(ExtensibilityGlobals) = postSolution
		SolutionGuid = {B7CFA46C-0EA8-4D8A-BE5F-65BFBE0B3DD4}
	EndGlobalSection
EndGlobal
