
Microsoft Visual Studio Solution File, Format Version 12.00
# Visual Studio Version 17
VisualStudioVersion = 17.2.32630.192
MinimumVisualStudioVersion = 10.0.40219.1
Project("{9A19103F-16F7-4668-BE54-9A1E7A4F7556}") = "SharpMUSH", "SharpMUSH.csproj", "{2AA71604-1F23-49FF-BD98-B15DE7089A0F}"
EndProject
Global
	GlobalSection(SolutionConfigurationPlatforms) = preSolution
		Debug|Any CPU = Debug|Any CPU
		Migrate|Any CPU = Migrate|Any CPU
		Release|Any CPU = Release|Any CPU
	EndGlobalSection
	GlobalSection(ProjectConfigurationPlatforms) = postSolution
		{2AA71604-1F23-49FF-BD98-B15DE7089A0F}.Debug|Any CPU.ActiveCfg = Debug|Any CPU
		{2AA71604-1F23-49FF-BD98-B15DE7089A0F}.Debug|Any CPU.Build.0 = Debug|Any CPU
		{2AA71604-1F23-49FF-BD98-B15DE7089A0F}.Migrate|Any CPU.ActiveCfg = Migrate|Any CPU
		{2AA71604-1F23-49FF-BD98-B15DE7089A0F}.Migrate|Any CPU.Build.0 = Migrate|Any CPU
		{2AA71604-1F23-49FF-BD98-B15DE7089A0F}.Release|Any CPU.ActiveCfg = Release|Any CPU
		{2AA71604-1F23-49FF-BD98-B15DE7089A0F}.Release|Any CPU.Build.0 = Release|Any CPU
	EndGlobalSection
	GlobalSection(SolutionProperties) = preSolution
		HideSolutionNode = FALSE
	EndGlobalSection
	GlobalSection(ExtensibilityGlobals) = postSolution
		SolutionGuid = {A5CD0E6C-BF87-4C2D-BCBE-C4CB5049317C}
	EndGlobalSection
EndGlobal
